
Microsoft Visual Studio Solution File, Format Version 12.00
# Visual Studio 14
VisualStudioVersion = 14.0.25420.1
MinimumVisualStudioVersion = 10.0.40219.1
Project("{FAE04EC0-301F-11D3-BF4B-00C04F79EFBC}") = "CapaConexion", "CapaConexion\CapaConexion.csproj", "{A8668165-8F7D-496B-B3C5-D82F168DFF24}"
EndProject
Project("{FAE04EC0-301F-11D3-BF4B-00C04F79EFBC}") = "CapaIntegracion", "CapaIntegracion\CapaIntegracion.csproj", "{4711EE4C-0A0C-4524-82BB-33FD06CC97D6}"
	ProjectSection(ProjectDependencies) = postProject
		{DE3EA6BF-189A-4C2C-BDAB-F6CB152E1E55} = {DE3EA6BF-189A-4C2C-BDAB-F6CB152E1E55}
	EndProjectSection
EndProject
Project("{FAE04EC0-301F-11D3-BF4B-00C04F79EFBC}") = "CapaLogica", "CapaLogica\CapaLogica.csproj", "{DE3EA6BF-189A-4C2C-BDAB-F6CB152E1E55}"
	ProjectSection(ProjectDependencies) = postProject
		{A8668165-8F7D-496B-B3C5-D82F168DFF24} = {A8668165-8F7D-496B-B3C5-D82F168DFF24}
	EndProjectSection
EndProject
Project("{FAE04EC0-301F-11D3-BF4B-00C04F79EFBC}") = "SistemaEstudiante", "SistemaEstudiante\SistemaEstudiante.csproj", "{D7FFAE8D-CADB-4169-9ADA-695AE69A33B6}"
EndProject
Global
	GlobalSection(SolutionConfigurationPlatforms) = preSolution
		Debug|Any CPU = Debug|Any CPU
		Release|Any CPU = Release|Any CPU
	EndGlobalSection
	GlobalSection(ProjectConfigurationPlatforms) = postSolution
		{A8668165-8F7D-496B-B3C5-D82F168DFF24}.Debug|Any CPU.ActiveCfg = Debug|Any CPU
		{A8668165-8F7D-496B-B3C5-D82F168DFF24}.Debug|Any CPU.Build.0 = Debug|Any CPU
		{A8668165-8F7D-496B-B3C5-D82F168DFF24}.Release|Any CPU.ActiveCfg = Release|Any CPU
		{A8668165-8F7D-496B-B3C5-D82F168DFF24}.Release|Any CPU.Build.0 = Release|Any CPU
		{4711EE4C-0A0C-4524-82BB-33FD06CC97D6}.Debug|Any CPU.ActiveCfg = Debug|Any CPU
		{4711EE4C-0A0C-4524-82BB-33FD06CC97D6}.Debug|Any CPU.Build.0 = Debug|Any CPU
		{4711EE4C-0A0C-4524-82BB-33FD06CC97D6}.Release|Any CPU.ActiveCfg = Release|Any CPU
		{4711EE4C-0A0C-4524-82BB-33FD06CC97D6}.Release|Any CPU.Build.0 = Release|Any CPU
		{DE3EA6BF-189A-4C2C-BDAB-F6CB152E1E55}.Debug|Any CPU.ActiveCfg = Debug|Any CPU
		{DE3EA6BF-189A-4C2C-BDAB-F6CB152E1E55}.Debug|Any CPU.Build.0 = Debug|Any CPU
		{DE3EA6BF-189A-4C2C-BDAB-F6CB152E1E55}.Release|Any CPU.ActiveCfg = Release|Any CPU
		{DE3EA6BF-189A-4C2C-BDAB-F6CB152E1E55}.Release|Any CPU.Build.0 = Release|Any CPU
		{D7FFAE8D-CADB-4169-9ADA-695AE69A33B6}.Debug|Any CPU.ActiveCfg = Debug|Any CPU
		{D7FFAE8D-CADB-4169-9ADA-695AE69A33B6}.Debug|Any CPU.Build.0 = Debug|Any CPU
		{D7FFAE8D-CADB-4169-9ADA-695AE69A33B6}.Release|Any CPU.ActiveCfg = Release|Any CPU
		{D7FFAE8D-CADB-4169-9ADA-695AE69A33B6}.Release|Any CPU.Build.0 = Release|Any CPU
	EndGlobalSection
	GlobalSection(SolutionProperties) = preSolution
		HideSolutionNode = FALSE
	EndGlobalSection
EndGlobal
